{
    "_meta": {
        "hash": {
            "sha256": "685b9d11d8b96ac90b666093ecfaadbd340d0e9aab8bdb84e1e1077d1fcc98c7"
        },
        "pipfile-spec": 6,
        "requires": {
            "python_version": "3.7"
        },
        "sources": [
            {
                "name": "pypi",
                "url": "https://pypi.python.org/simple",
                "verify_ssl": true
            }
        ]
    },
    "default": {
        "petl": {
            "hashes": [
                "sha256:943a6e3211616d25ebc4dcd900ca4f96f53ccd9dbb612271a23a7efdaf3f8c00"
            ],
            "index": "pypi",
            "version": "==1.3.0"
        }
    },
    "develop": {}
}
